
Microsoft Visual Studio Solution File, Format Version 12.00
# Visual Studio Version 17
VisualStudioVersion = 17.7.34009.444
MinimumVisualStudioVersion = 10.0.40219.1
Project("{FAE04EC0-301F-11D3-BF4B-00C04F79EFBC}") = "xadrez-console", "xadrez-console\xadrez-console.csproj", "{CAD160AD-0FCB-4660-BE02-F767B4A74482}"
EndProject
Global
	GlobalSection(SolutionConfigurationPlatforms) = preSolution
		Debug|Any CPU = Debug|Any CPU
		Release|Any CPU = Release|Any CPU
	EndGlobalSection
	GlobalSection(ProjectConfigurationPlatforms) = postSolution
		{CAD160AD-0FCB-4660-BE02-F767B4A74482}.Debug|Any CPU.ActiveCfg = Debug|Any CPU
		{CAD160AD-0FCB-4660-BE02-F767B4A74482}.Debug|Any CPU.Build.0 = Debug|Any CPU
		{CAD160AD-0FCB-4660-BE02-F767B4A74482}.Release|Any CPU.ActiveCfg = Release|Any CPU
		{CAD160AD-0FCB-4660-BE02-F767B4A74482}.Release|Any CPU.Build.0 = Release|Any CPU
	EndGlobalSection
	GlobalSection(SolutionProperties) = preSolution
		HideSolutionNode = FALSE
	EndGlobalSection
	GlobalSection(ExtensibilityGlobals) = postSolution
		SolutionGuid = {9B77DBC5-3110-4609-847D-6F82D9D33FA0}
	EndGlobalSection
EndGlobal
